// !$*UTF8*$!
{
	archiveVersion = 1;
	classes = {
	};
	objectVersion = 77;
	objects = {

/* Begin PBXBuildFile section */
		7A98473C2D6A37B100CA7D2B /* OneSignalNotificationServiceExtension.appex in Embed Foundation Extensions */ = {isa = PBXBuildFile; fileRef = 7A9847352D6A37B000CA7D2B /* OneSignalNotificationServiceExtension.appex */; settings = {ATTRIBUTES = (RemoveHeadersOnCopy, ); }; };
		B98CD88557B69E7C25C491D9 /* Pods_OneSignalNotificationServiceExtension.framework in Frameworks */ = {isa = PBXBuildFile; fileRef = 5B28D9314FF4617785C958E5 /* Pods_OneSignalNotificationServiceExtension.framework */; };
		EFFD5D6D325A8B72068E169E /* Pods_CambourneCrescent.framework in Frameworks */ = {isa = PBXBuildFile; fileRef = C4178D4D7841C32148268AF2 /* Pods_CambourneCrescent.framework */; };
		FE23A0F82C551246006DBAD0 /* AppDelegate.swift in Sources */ = {isa = PBXBuildFile; fileRef = FE23A0F72C551246006DBAD0 /* AppDelegate.swift */; };
		FE23A0FA2C551246006DBAD0 /* SceneDelegate.swift in Sources */ = {isa = PBXBuildFile; fileRef = FE23A0F92C551246006DBAD0 /* SceneDelegate.swift */; };
		FE23A0FF2C551246006DBAD0 /* Base in Resources */ = {isa = PBXBuildFile; fileRef = FE23A0FE2C551246006DBAD0 /* Base */; };
		FE23A1012C551247006DBAD0 /* Assets.xcassets in Resources */ = {isa = PBXBuildFile; fileRef = FE23A1002C551247006DBAD0 /* Assets.xcassets */; };
		FE23A1042C551247006DBAD0 /* Base in Resources */ = {isa = PBXBuildFile; fileRef = FE23A1032C551247006DBAD0 /* Base */; };
		FE23A1112C55735E006DBAD0 /* SalahController.swift in Sources */ = {isa = PBXBuildFile; fileRef = FE23A1102C55735E006DBAD0 /* SalahController.swift */; };
		FE23A1132C55736C006DBAD0 /* NewsEventsController.swift in Sources */ = {isa = PBXBuildFile; fileRef = FE23A1122C55736C006DBAD0 /* NewsEventsController.swift */; };
		FE23A1152C557378006DBAD0 /* CommunityController.swift in Sources */ = {isa = PBXBuildFile; fileRef = FE23A1142C557378006DBAD0 /* CommunityController.swift */; };
		FE23A1172C557382006DBAD0 /* DonationController.swift in Sources */ = {isa = PBXBuildFile; fileRef = FE23A1162C557382006DBAD0 /* DonationController.swift */; };
		FE23A1192C55738D006DBAD0 /* SettingsController.swift in Sources */ = {isa = PBXBuildFile; fileRef = FE23A1182C55738D006DBAD0 /* SettingsController.swift */; };
		FE23A11B2C5575B7006DBAD0 /* SalahCell.swift in Sources */ = {isa = PBXBuildFile; fileRef = FE23A11A2C5575B7006DBAD0 /* SalahCell.swift */; };
		FE23A11D2C5577C5006DBAD0 /* SalahModel.swift in Sources */ = {isa = PBXBuildFile; fileRef = FE23A11C2C5577C5006DBAD0 /* SalahModel.swift */; };
		FE23A11F2C558279006DBAD0 /* MapController.swift in Sources */ = {isa = PBXBuildFile; fileRef = FE23A11E2C558279006DBAD0 /* MapController.swift */; };
		FE23A1212C55A209006DBAD0 /* LocalNotification.swift in Sources */ = {isa = PBXBuildFile; fileRef = FE23A1202C55A209006DBAD0 /* LocalNotification.swift */; };
		FEB2AAE82C67927400933DDB /* Global.swift in Sources */ = {isa = PBXBuildFile; fileRef = FEB2AAE72C67927400933DDB /* Global.swift */; };
/* End PBXBuildFile section */

/* Begin PBXContainerItemProxy section */
		7A98473A2D6A37B100CA7D2B /* PBXContainerItemProxy */ = {
			isa = PBXContainerItemProxy;
			containerPortal = FE23A0EC2C551246006DBAD0 /* Project object */;
			proxyType = 1;
			remoteGlobalIDString = 7A9847342D6A37B000CA7D2B;
			remoteInfo = OneSignalNotificationServiceExtension;
		};
/* End PBXContainerItemProxy section */

/* Begin PBXCopyFilesBuildPhase section */
		7A9847412D6A37B100CA7D2B /* Embed Foundation Extensions */ = {
			isa = PBXCopyFilesBuildPhase;
			buildActionMask = 2147483647;
			dstPath = "";
			dstSubfolderSpec = 13;
			files = (
				7A98473C2D6A37B100CA7D2B /* OneSignalNotificationServiceExtension.appex in Embed Foundation Extensions */,
			);
			name = "Embed Foundation Extensions";
			runOnlyForDeploymentPostprocessing = 0;
		};
/* End PBXCopyFilesBuildPhase section */

/* Begin PBXFileReference section */
		39110A486175B444D147223D /* Pods-OneSignalNotificationServiceExtension.debug.xcconfig */ = {isa = PBXFileReference; includeInIndex = 1; lastKnownFileType = text.xcconfig; name = "Pods-OneSignalNotificationServiceExtension.debug.xcconfig"; path = "Target Support Files/Pods-OneSignalNotificationServiceExtension/Pods-OneSignalNotificationServiceExtension.debug.xcconfig"; sourceTree = "<group>"; };
		4DD248FE2733F5D95C5E5760 /* Pods-CambourneCrescent.debug.xcconfig */ = {isa = PBXFileReference; includeInIndex = 1; lastKnownFileType = text.xcconfig; name = "Pods-CambourneCrescent.debug.xcconfig"; path = "Target Support Files/Pods-CambourneCrescent/Pods-CambourneCrescent.debug.xcconfig"; sourceTree = "<group>"; };
		5B28D9314FF4617785C958E5 /* Pods_OneSignalNotificationServiceExtension.framework */ = {isa = PBXFileReference; explicitFileType = wrapper.framework; includeInIndex = 0; path = Pods_OneSignalNotificationServiceExtension.framework; sourceTree = BUILT_PRODUCTS_DIR; };
		7A9847302D6A375200CA7D2B /* CambourneCrescent.entitlements */ = {isa = PBXFileReference; lastKnownFileType = text.plist.entitlements; path = CambourneCrescent.entitlements; sourceTree = "<group>"; };
		7A9847352D6A37B000CA7D2B /* OneSignalNotificationServiceExtension.appex */ = {isa = PBXFileReference; explicitFileType = "wrapper.app-extension"; includeInIndex = 0; path = OneSignalNotificationServiceExtension.appex; sourceTree = BUILT_PRODUCTS_DIR; };
		C4178D4D7841C32148268AF2 /* Pods_CambourneCrescent.framework */ = {isa = PBXFileReference; explicitFileType = wrapper.framework; includeInIndex = 0; path = Pods_CambourneCrescent.framework; sourceTree = BUILT_PRODUCTS_DIR; };
		D45A85969540F8049F173B2E /* Pods-OneSignalNotificationServiceExtension.release.xcconfig */ = {isa = PBXFileReference; includeInIndex = 1; lastKnownFileType = text.xcconfig; name = "Pods-OneSignalNotificationServiceExtension.release.xcconfig"; path = "Target Support Files/Pods-OneSignalNotificationServiceExtension/Pods-OneSignalNotificationServiceExtension.release.xcconfig"; sourceTree = "<group>"; };
		DF25FD71C72AAACA7AB35180 /* Pods-CambourneCrescent.release.xcconfig */ = {isa = PBXFileReference; includeInIndex = 1; lastKnownFileType = text.xcconfig; name = "Pods-CambourneCrescent.release.xcconfig"; path = "Target Support Files/Pods-CambourneCrescent/Pods-CambourneCrescent.release.xcconfig"; sourceTree = "<group>"; };
		FE23A0F42C551246006DBAD0 /* CambourneCrescent.app */ = {isa = PBXFileReference; explicitFileType = wrapper.application; includeInIndex = 0; path = CambourneCrescent.app; sourceTree = BUILT_PRODUCTS_DIR; };
		FE23A0F72C551246006DBAD0 /* AppDelegate.swift */ = {isa = PBXFileReference; lastKnownFileType = sourcecode.swift; path = AppDelegate.swift; sourceTree = "<group>"; };
		FE23A0F92C551246006DBAD0 /* SceneDelegate.swift */ = {isa = PBXFileReference; lastKnownFileType = sourcecode.swift; path = SceneDelegate.swift; sourceTree = "<group>"; };
		FE23A0FE2C551246006DBAD0 /* Base */ = {isa = PBXFileReference; lastKnownFileType = file.storyboard; name = Base; path = Base.lproj/Main.storyboard; sourceTree = "<group>"; };
		FE23A1002C551247006DBAD0 /* Assets.xcassets */ = {isa = PBXFileReference; lastKnownFileType = folder.assetcatalog; path = Assets.xcassets; sourceTree = "<group>"; };
		FE23A1032C551247006DBAD0 /* Base */ = {isa = PBXFileReference; lastKnownFileType = file.storyboard; name = Base; path = Base.lproj/LaunchScreen.storyboard; sourceTree = "<group>"; };
		FE23A1052C551247006DBAD0 /* Info.plist */ = {isa = PBXFileReference; lastKnownFileType = text.plist.xml; path = Info.plist; sourceTree = "<group>"; };
		FE23A1102C55735E006DBAD0 /* SalahController.swift */ = {isa = PBXFileReference; lastKnownFileType = sourcecode.swift; path = SalahController.swift; sourceTree = "<group>"; };
		FE23A1122C55736C006DBAD0 /* NewsEventsController.swift */ = {isa = PBXFileReference; lastKnownFileType = sourcecode.swift; path = NewsEventsController.swift; sourceTree = "<group>"; };
		FE23A1142C557378006DBAD0 /* CommunityController.swift */ = {isa = PBXFileReference; lastKnownFileType = sourcecode.swift; path = CommunityController.swift; sourceTree = "<group>"; };
		FE23A1162C557382006DBAD0 /* DonationController.swift */ = {isa = PBXFileReference; lastKnownFileType = sourcecode.swift; path = DonationController.swift; sourceTree = "<group>"; };
		FE23A1182C55738D006DBAD0 /* SettingsController.swift */ = {isa = PBXFileReference; lastKnownFileType = sourcecode.swift; path = SettingsController.swift; sourceTree = "<group>"; };
		FE23A11A2C5575B7006DBAD0 /* SalahCell.swift */ = {isa = PBXFileReference; lastKnownFileType = sourcecode.swift; path = SalahCell.swift; sourceTree = "<group>"; };
		FE23A11C2C5577C5006DBAD0 /* SalahModel.swift */ = {isa = PBXFileReference; lastKnownFileType = sourcecode.swift; path = SalahModel.swift; sourceTree = "<group>"; };
		FE23A11E2C558279006DBAD0 /* MapController.swift */ = {isa = PBXFileReference; lastKnownFileType = sourcecode.swift; path = MapController.swift; sourceTree = "<group>"; };
		FE23A1202C55A209006DBAD0 /* LocalNotification.swift */ = {isa = PBXFileReference; lastKnownFileType = sourcecode.swift; path = LocalNotification.swift; sourceTree = "<group>"; };
		FEB2AAE72C67927400933DDB /* Global.swift */ = {isa = PBXFileReference; lastKnownFileType = sourcecode.swift; path = Global.swift; sourceTree = "<group>"; };
/* End PBXFileReference section */

/* Begin PBXFileSystemSynchronizedBuildFileExceptionSet section */
		7A98473D2D6A37B100CA7D2B /* Exceptions for "OneSignalNotificationServiceExtension" folder in "OneSignalNotificationServiceExtension" target */ = {
			isa = PBXFileSystemSynchronizedBuildFileExceptionSet;
			membershipExceptions = (
				Info.plist,
			);
			target = 7A9847342D6A37B000CA7D2B /* OneSignalNotificationServiceExtension */;
		};
/* End PBXFileSystemSynchronizedBuildFileExceptionSet section */

/* Begin PBXFileSystemSynchronizedRootGroup section */
		7A9847362D6A37B000CA7D2B /* OneSignalNotificationServiceExtension */ = {
			isa = PBXFileSystemSynchronizedRootGroup;
			exceptions = (
				7A98473D2D6A37B100CA7D2B /* Exceptions for "OneSignalNotificationServiceExtension" folder in "OneSignalNotificationServiceExtension" target */,
			);
			path = OneSignalNotificationServiceExtension;
			sourceTree = "<group>";
		};
/* End PBXFileSystemSynchronizedRootGroup section */

/* Begin PBXFrameworksBuildPhase section */
		7A9847322D6A37B000CA7D2B /* Frameworks */ = {
			isa = PBXFrameworksBuildPhase;
			buildActionMask = 2147483647;
			files = (
				B98CD88557B69E7C25C491D9 /* Pods_OneSignalNotificationServiceExtension.framework in Frameworks */,
			);
			runOnlyForDeploymentPostprocessing = 0;
		};
		FE23A0F12C551246006DBAD0 /* Frameworks */ = {
			isa = PBXFrameworksBuildPhase;
			buildActionMask = 2147483647;
			files = (
				EFFD5D6D325A8B72068E169E /* Pods_CambourneCrescent.framework in Frameworks */,
			);
			runOnlyForDeploymentPostprocessing = 0;
		};
/* End PBXFrameworksBuildPhase section */

/* Begin PBXGroup section */
		53F288908C9335ACE387B65C /* Frameworks */ = {
			isa = PBXGroup;
			children = (
				C4178D4D7841C32148268AF2 /* Pods_CambourneCrescent.framework */,
				5B28D9314FF4617785C958E5 /* Pods_OneSignalNotificationServiceExtension.framework */,
			);
			name = Frameworks;
			sourceTree = "<group>";
		};
		FE23A0EB2C551246006DBAD0 = {
			isa = PBXGroup;
			children = (
				FE23A0F62C551246006DBAD0 /* CambourneCrescent */,
				7A9847362D6A37B000CA7D2B /* OneSignalNotificationServiceExtension */,
				FE23A0F52C551246006DBAD0 /* Products */,
				FEF671717357A13455C15B31 /* Pods */,
				53F288908C9335ACE387B65C /* Frameworks */,
			);
			sourceTree = "<group>";
		};
		FE23A0F52C551246006DBAD0 /* Products */ = {
			isa = PBXGroup;
			children = (
				FE23A0F42C551246006DBAD0 /* CambourneCrescent.app */,
				7A9847352D6A37B000CA7D2B /* OneSignalNotificationServiceExtension.appex */,
			);
			name = Products;
			sourceTree = "<group>";
		};
		FE23A0F62C551246006DBAD0 /* CambourneCrescent */ = {
			isa = PBXGroup;
			children = (
				7A9847302D6A375200CA7D2B /* CambourneCrescent.entitlements */,
				FEB2AAE62C67926D00933DDB /* Global */,
				FE23A10B2C557329006DBAD0 /* Community */,
				FE23A10E2C557329006DBAD0 /* Donation */,
				FE23A10F2C557329006DBAD0 /* NewsEvents */,
				FE23A10C2C557329006DBAD0 /* Salah */,
				FE23A10D2C557329006DBAD0 /* Settings */,
				FE23A0F72C551246006DBAD0 /* AppDelegate.swift */,
				FE23A0F92C551246006DBAD0 /* SceneDelegate.swift */,
				FE23A0FD2C551246006DBAD0 /* Main.storyboard */,
				FE23A1002C551247006DBAD0 /* Assets.xcassets */,
				FE23A1022C551247006DBAD0 /* LaunchScreen.storyboard */,
				FE23A1052C551247006DBAD0 /* Info.plist */,
			);
			path = CambourneCrescent;
			sourceTree = "<group>";
		};
		FE23A10B2C557329006DBAD0 /* Community */ = {
			isa = PBXGroup;
			children = (
				FE23A1142C557378006DBAD0 /* CommunityController.swift */,
			);
			path = Community;
			sourceTree = "<group>";
		};
		FE23A10C2C557329006DBAD0 /* Salah */ = {
			isa = PBXGroup;
			children = (
				FE23A1102C55735E006DBAD0 /* SalahController.swift */,
				FE23A11A2C5575B7006DBAD0 /* SalahCell.swift */,
				FE23A11C2C5577C5006DBAD0 /* SalahModel.swift */,
				FE23A11E2C558279006DBAD0 /* MapController.swift */,
				FE23A1202C55A209006DBAD0 /* LocalNotification.swift */,
			);
			path = Salah;
			sourceTree = "<group>";
		};
		FE23A10D2C557329006DBAD0 /* Settings */ = {
			isa = PBXGroup;
			children = (
				FE23A1182C55738D006DBAD0 /* SettingsController.swift */,
			);
			path = Settings;
			sourceTree = "<group>";
		};
		FE23A10E2C557329006DBAD0 /* Donation */ = {
			isa = PBXGroup;
			children = (
				FE23A1162C557382006DBAD0 /* DonationController.swift */,
			);
			path = Donation;
			sourceTree = "<group>";
		};
		FE23A10F2C557329006DBAD0 /* NewsEvents */ = {
			isa = PBXGroup;
			children = (
				FE23A1122C55736C006DBAD0 /* NewsEventsController.swift */,
			);
			path = NewsEvents;
			sourceTree = "<group>";
		};
		FEB2AAE62C67926D00933DDB /* Global */ = {
			isa = PBXGroup;
			children = (
				FEB2AAE72C67927400933DDB /* Global.swift */,
			);
			path = Global;
			sourceTree = "<group>";
		};
		FEF671717357A13455C15B31 /* Pods */ = {
			isa = PBXGroup;
			children = (
				4DD248FE2733F5D95C5E5760 /* Pods-CambourneCrescent.debug.xcconfig */,
				DF25FD71C72AAACA7AB35180 /* Pods-CambourneCrescent.release.xcconfig */,
				39110A486175B444D147223D /* Pods-OneSignalNotificationServiceExtension.debug.xcconfig */,
				D45A85969540F8049F173B2E /* Pods-OneSignalNotificationServiceExtension.release.xcconfig */,
			);
			path = Pods;
			sourceTree = "<group>";
		};
/* End PBXGroup section */

/* Begin PBXNativeTarget section */
		7A9847342D6A37B000CA7D2B /* OneSignalNotificationServiceExtension */ = {
			isa = PBXNativeTarget;
			buildConfigurationList = 7A98473E2D6A37B100CA7D2B /* Build configuration list for PBXNativeTarget "OneSignalNotificationServiceExtension" */;
			buildPhases = (
				1C59F4FEE1055829CD029ECB /* [CP] Check Pods Manifest.lock */,
				7A9847312D6A37B000CA7D2B /* Sources */,
				7A9847322D6A37B000CA7D2B /* Frameworks */,
				7A9847332D6A37B000CA7D2B /* Resources */,
			);
			buildRules = (
			);
			dependencies = (
			);
			fileSystemSynchronizedGroups = (
				7A9847362D6A37B000CA7D2B /* OneSignalNotificationServiceExtension */,
			);
			name = OneSignalNotificationServiceExtension;
			productName = OneSignalNotificationServiceExtension;
			productReference = 7A9847352D6A37B000CA7D2B /* OneSignalNotificationServiceExtension.appex */;
			productType = "com.apple.product-type.app-extension";
		};
		FE23A0F32C551246006DBAD0 /* CambourneCrescent */ = {
			isa = PBXNativeTarget;
			buildConfigurationList = FE23A1082C551247006DBAD0 /* Build configuration list for PBXNativeTarget "CambourneCrescent" */;
			buildPhases = (
				80CDD846CBE7AD3AEEFFABA8 /* [CP] Check Pods Manifest.lock */,
				FE23A0F02C551246006DBAD0 /* Sources */,
				FE23A0F12C551246006DBAD0 /* Frameworks */,
				FE23A0F22C551246006DBAD0 /* Resources */,
				7A9847412D6A37B100CA7D2B /* Embed Foundation Extensions */,
				136B44E17CCAF90DFA1F34DE /* [CP] Embed Pods Frameworks */,
			);
			buildRules = (
			);
			dependencies = (
				7A98473B2D6A37B100CA7D2B /* PBXTargetDependency */,
			);
			name = CambourneCrescent;
			productName = CambourneCrescent;
			productReference = FE23A0F42C551246006DBAD0 /* CambourneCrescent.app */;
			productType = "com.apple.product-type.application";
		};
/* End PBXNativeTarget section */

/* Begin PBXProject section */
		FE23A0EC2C551246006DBAD0 /* Project object */ = {
			isa = PBXProject;
			attributes = {
				BuildIndependentTargetsInParallel = 1;
				LastSwiftUpdateCheck = 1600;
				LastUpgradeCheck = 1540;
				TargetAttributes = {
					7A9847342D6A37B000CA7D2B = {
						CreatedOnToolsVersion = 16.0;
					};
					FE23A0F32C551246006DBAD0 = {
						CreatedOnToolsVersion = 15.4;
					};
				};
			};
			buildConfigurationList = FE23A0EF2C551246006DBAD0 /* Build configuration list for PBXProject "CambourneCrescent" */;
			developmentRegion = en;
			hasScannedForEncodings = 0;
			knownRegions = (
				en,
				Base,
			);
			mainGroup = FE23A0EB2C551246006DBAD0;
			preferredProjectObjectVersion = 77;
			productRefGroup = FE23A0F52C551246006DBAD0 /* Products */;
			projectDirPath = "";
			projectRoot = "";
			targets = (
				FE23A0F32C551246006DBAD0 /* CambourneCrescent */,
				7A9847342D6A37B000CA7D2B /* OneSignalNotificationServiceExtension */,
			);
		};
/* End PBXProject section */

/* Begin PBXResourcesBuildPhase section */
		7A9847332D6A37B000CA7D2B /* Resources */ = {
			isa = PBXResourcesBuildPhase;
			buildActionMask = 2147483647;
			files = (
			);
			runOnlyForDeploymentPostprocessing = 0;
		};
		FE23A0F22C551246006DBAD0 /* Resources */ = {
			isa = PBXResourcesBuildPhase;
			buildActionMask = 2147483647;
			files = (
				FE23A1012C551247006DBAD0 /* Assets.xcassets in Resources */,
				FE23A1042C551247006DBAD0 /* Base in Resources */,
				FE23A0FF2C551246006DBAD0 /* Base in Resources */,
			);
			runOnlyForDeploymentPostprocessing = 0;
		};
/* End PBXResourcesBuildPhase section */

/* Begin PBXShellScriptBuildPhase section */
		136B44E17CCAF90DFA1F34DE /* [CP] Embed Pods Frameworks */ = {
			isa = PBXShellScriptBuildPhase;
			buildActionMask = 2147483647;
			files = (
			);
			inputFileListPaths = (
				"${PODS_ROOT}/Target Support Files/Pods-CambourneCrescent/Pods-CambourneCrescent-frameworks-${CONFIGURATION}-input-files.xcfilelist",
			);
			name = "[CP] Embed Pods Frameworks";
			outputFileListPaths = (
				"${PODS_ROOT}/Target Support Files/Pods-CambourneCrescent/Pods-CambourneCrescent-frameworks-${CONFIGURATION}-output-files.xcfilelist",
			);
			runOnlyForDeploymentPostprocessing = 0;
			shellPath = /bin/sh;
			shellScript = "\"${PODS_ROOT}/Target Support Files/Pods-CambourneCrescent/Pods-CambourneCrescent-frameworks.sh\"\n";
			showEnvVarsInLog = 0;
		};
		1C59F4FEE1055829CD029ECB /* [CP] Check Pods Manifest.lock */ = {
			isa = PBXShellScriptBuildPhase;
			buildActionMask = 2147483647;
			files = (
			);
			inputFileListPaths = (
			);
			inputPaths = (
				"${PODS_PODFILE_DIR_PATH}/Podfile.lock",
				"${PODS_ROOT}/Manifest.lock",
			);
			name = "[CP] Check Pods Manifest.lock";
			outputFileListPaths = (
			);
			outputPaths = (
				"$(DERIVED_FILE_DIR)/Pods-OneSignalNotificationServiceExtension-checkManifestLockResult.txt",
			);
			runOnlyForDeploymentPostprocessing = 0;
			shellPath = /bin/sh;
			shellScript = "diff \"${PODS_PODFILE_DIR_PATH}/Podfile.lock\" \"${PODS_ROOT}/Manifest.lock\" > /dev/null\nif [ $? != 0 ] ; then\n    # print error to STDERR\n    echo \"error: The sandbox is not in sync with the Podfile.lock. Run 'pod install' or update your CocoaPods installation.\" >&2\n    exit 1\nfi\n# This output is used by Xcode 'outputs' to avoid re-running this script phase.\necho \"SUCCESS\" > \"${SCRIPT_OUTPUT_FILE_0}\"\n";
			showEnvVarsInLog = 0;
		};
		80CDD846CBE7AD3AEEFFABA8 /* [CP] Check Pods Manifest.lock */ = {
			isa = PBXShellScriptBuildPhase;
			buildActionMask = 2147483647;
			files = (
			);
			inputFileListPaths = (
			);
			inputPaths = (
				"${PODS_PODFILE_DIR_PATH}/Podfile.lock",
				"${PODS_ROOT}/Manifest.lock",
			);
			name = "[CP] Check Pods Manifest.lock";
			outputFileListPaths = (
			);
			outputPaths = (
				"$(DERIVED_FILE_DIR)/Pods-CambourneCrescent-checkManifestLockResult.txt",
			);
			runOnlyForDeploymentPostprocessing = 0;
			shellPath = /bin/sh;
			shellScript = "diff \"${PODS_PODFILE_DIR_PATH}/Podfile.lock\" \"${PODS_ROOT}/Manifest.lock\" > /dev/null\nif [ $? != 0 ] ; then\n    # print error to STDERR\n    echo \"error: The sandbox is not in sync with the Podfile.lock. Run 'pod install' or update your CocoaPods installation.\" >&2\n    exit 1\nfi\n# This output is used by Xcode 'outputs' to avoid re-running this script phase.\necho \"SUCCESS\" > \"${SCRIPT_OUTPUT_FILE_0}\"\n";
			showEnvVarsInLog = 0;
		};
/* End PBXShellScriptBuildPhase section */

/* Begin PBXSourcesBuildPhase section */
		7A9847312D6A37B000CA7D2B /* Sources */ = {
			isa = PBXSourcesBuildPhase;
			buildActionMask = 2147483647;
			files = (
			);
			runOnlyForDeploymentPostprocessing = 0;
		};
		FE23A0F02C551246006DBAD0 /* Sources */ = {
			isa = PBXSourcesBuildPhase;
			buildActionMask = 2147483647;
			files = (
				FE23A1192C55738D006DBAD0 /* SettingsController.swift in Sources */,
				FE23A1172C557382006DBAD0 /* DonationController.swift in Sources */,
				FE23A11D2C5577C5006DBAD0 /* SalahModel.swift in Sources */,
				FE23A1132C55736C006DBAD0 /* NewsEventsController.swift in Sources */,
				FE23A11B2C5575B7006DBAD0 /* SalahCell.swift in Sources */,
				FE23A1112C55735E006DBAD0 /* SalahController.swift in Sources */,
				FE23A1152C557378006DBAD0 /* CommunityController.swift in Sources */,
				FE23A0F82C551246006DBAD0 /* AppDelegate.swift in Sources */,
				FEB2AAE82C67927400933DDB /* Global.swift in Sources */,
				FE23A11F2C558279006DBAD0 /* MapController.swift in Sources */,
				FE23A1212C55A209006DBAD0 /* LocalNotification.swift in Sources */,
				FE23A0FA2C551246006DBAD0 /* SceneDelegate.swift in Sources */,
			);
			runOnlyForDeploymentPostprocessing = 0;
		};
/* End PBXSourcesBuildPhase section */

/* Begin PBXTargetDependency section */
		7A98473B2D6A37B100CA7D2B /* PBXTargetDependency */ = {
			isa = PBXTargetDependency;
			target = 7A9847342D6A37B000CA7D2B /* OneSignalNotificationServiceExtension */;
			targetProxy = 7A98473A2D6A37B100CA7D2B /* PBXContainerItemProxy */;
		};
/* End PBXTargetDependency section */

/* Begin PBXVariantGroup section */
		FE23A0FD2C551246006DBAD0 /* Main.storyboard */ = {
			isa = PBXVariantGroup;
			children = (
				FE23A0FE2C551246006DBAD0 /* Base */,
			);
			name = Main.storyboard;
			sourceTree = "<group>";
		};
		FE23A1022C551247006DBAD0 /* LaunchScreen.storyboard */ = {
			isa = PBXVariantGroup;
			children = (
				FE23A1032C551247006DBAD0 /* Base */,
			);
			name = LaunchScreen.storyboard;
			sourceTree = "<group>";
		};
/* End PBXVariantGroup section */

/* Begin XCBuildConfiguration section */
		7A98473F2D6A37B100CA7D2B /* Debug */ = {
			isa = XCBuildConfiguration;
			baseConfigurationReference = 39110A486175B444D147223D /* Pods-OneSignalNotificationServiceExtension.debug.xcconfig */;
			buildSettings = {
				CODE_SIGN_ENTITLEMENTS = OneSignalNotificationServiceExtension/OneSignalNotificationServiceExtension.entitlements;
				CODE_SIGN_IDENTITY = "Apple Development";
				CODE_SIGN_STYLE = Automatic;
				CURRENT_PROJECT_VERSION = 1;
				DEVELOPMENT_TEAM = PFY43FQ5QQ;
				GENERATE_INFOPLIST_FILE = YES;
				INFOPLIST_FILE = OneSignalNotificationServiceExtension/Info.plist;
				INFOPLIST_KEY_CFBundleDisplayName = OneSignalNotificationServiceExtension;
				INFOPLIST_KEY_NSHumanReadableCopyright = "";
				IPHONEOS_DEPLOYMENT_TARGET = 16.6;
				LD_RUNPATH_SEARCH_PATHS = (
					"$(inherited)",
					"@executable_path/Frameworks",
					"@executable_path/../../Frameworks",
				);
				MARKETING_VERSION = 1.0;
				PRODUCT_BUNDLE_IDENTIFIER = camb.crescent.salah.OneSignalNotificationServiceExtension;
				PRODUCT_NAME = "$(TARGET_NAME)";
				SKIP_INSTALL = YES;
				SWIFT_EMIT_LOC_STRINGS = YES;
				SWIFT_VERSION = 5.0;
				TARGETED_DEVICE_FAMILY = "1,2";
			};
			name = Debug;
		};
		7A9847402D6A37B100CA7D2B /* Release */ = {
			isa = XCBuildConfiguration;
			baseConfigurationReference = D45A85969540F8049F173B2E /* Pods-OneSignalNotificationServiceExtension.release.xcconfig */;
			buildSettings = {
				CODE_SIGN_ENTITLEMENTS = OneSignalNotificationServiceExtension/OneSignalNotificationServiceExtension.entitlements;
				CODE_SIGN_IDENTITY = "Apple Development";
				CODE_SIGN_STYLE = Automatic;
				CURRENT_PROJECT_VERSION = 1;
				DEVELOPMENT_TEAM = PFY43FQ5QQ;
				GENERATE_INFOPLIST_FILE = YES;
				INFOPLIST_FILE = OneSignalNotificationServiceExtension/Info.plist;
				INFOPLIST_KEY_CFBundleDisplayName = OneSignalNotificationServiceExtension;
				INFOPLIST_KEY_NSHumanReadableCopyright = "";
				IPHONEOS_DEPLOYMENT_TARGET = 16.6;
				LD_RUNPATH_SEARCH_PATHS = (
					"$(inherited)",
					"@executable_path/Frameworks",
					"@executable_path/../../Frameworks",
				);
				MARKETING_VERSION = 1.0;
				PRODUCT_BUNDLE_IDENTIFIER = camb.crescent.salah.OneSignalNotificationServiceExtension;
				PRODUCT_NAME = "$(TARGET_NAME)";
				SKIP_INSTALL = YES;
				SWIFT_EMIT_LOC_STRINGS = YES;
				SWIFT_VERSION = 5.0;
				TARGETED_DEVICE_FAMILY = "1,2";
			};
			name = Release;
		};
		FE23A1062C551247006DBAD0 /* Debug */ = {
			isa = XCBuildConfiguration;
			buildSettings = {
				ALWAYS_SEARCH_USER_PATHS = NO;
				ASSETCATALOG_COMPILER_GENERATE_SWIFT_ASSET_SYMBOL_EXTENSIONS = YES;
				CLANG_ANALYZER_NONNULL = YES;
				CLANG_ANALYZER_NUMBER_OBJECT_CONVERSION = YES_AGGRESSIVE;
				CLANG_CXX_LANGUAGE_STANDARD = "gnu++20";
				CLANG_ENABLE_MODULES = YES;
				CLANG_ENABLE_OBJC_ARC = YES;
				CLANG_ENABLE_OBJC_WEAK = YES;
				CLANG_WARN_BLOCK_CAPTURE_AUTORELEASING = YES;
				CLANG_WARN_BOOL_CONVERSION = YES;
				CLANG_WARN_COMMA = YES;
				CLANG_WARN_CONSTANT_CONVERSION = YES;
				CLANG_WARN_DEPRECATED_OBJC_IMPLEMENTATIONS = YES;
				CLANG_WARN_DIRECT_OBJC_ISA_USAGE = YES_ERROR;
				CLANG_WARN_DOCUMENTATION_COMMENTS = YES;
				CLANG_WARN_EMPTY_BODY = YES;
				CLANG_WARN_ENUM_CONVERSION = YES;
				CLANG_WARN_INFINITE_RECURSION = YES;
				CLANG_WARN_INT_CONVERSION = YES;
				CLANG_WARN_NON_LITERAL_NULL_CONVERSION = YES;
				CLANG_WARN_OBJC_IMPLICIT_RETAIN_SELF = YES;
				CLANG_WARN_OBJC_LITERAL_CONVERSION = YES;
				CLANG_WARN_OBJC_ROOT_CLASS = YES_ERROR;
				CLANG_WARN_QUOTED_INCLUDE_IN_FRAMEWORK_HEADER = YES;
				CLANG_WARN_RANGE_LOOP_ANALYSIS = YES;
				CLANG_WARN_STRICT_PROTOTYPES = YES;
				CLANG_WARN_SUSPICIOUS_MOVE = YES;
				CLANG_WARN_UNGUARDED_AVAILABILITY = YES_AGGRESSIVE;
				CLANG_WARN_UNREACHABLE_CODE = YES;
				CLANG_WARN__DUPLICATE_METHOD_MATCH = YES;
				COPY_PHASE_STRIP = NO;
				DEBUG_INFORMATION_FORMAT = dwarf;
				ENABLE_STRICT_OBJC_MSGSEND = YES;
				ENABLE_TESTABILITY = YES;
				ENABLE_USER_SCRIPT_SANDBOXING = YES;
				GCC_C_LANGUAGE_STANDARD = gnu17;
				GCC_DYNAMIC_NO_PIC = NO;
				GCC_NO_COMMON_BLOCKS = YES;
				GCC_OPTIMIZATION_LEVEL = 0;
				GCC_PREPROCESSOR_DEFINITIONS = (
					"DEBUG=1",
					"$(inherited)",
				);
				GCC_WARN_64_TO_32_BIT_CONVERSION = YES;
				GCC_WARN_ABOUT_RETURN_TYPE = YES_ERROR;
				GCC_WARN_UNDECLARED_SELECTOR = YES;
				GCC_WARN_UNINITIALIZED_AUTOS = YES_AGGRESSIVE;
				GCC_WARN_UNUSED_FUNCTION = YES;
				GCC_WARN_UNUSED_VARIABLE = YES;
				IPHONEOS_DEPLOYMENT_TARGET = 17.5;
				LOCALIZATION_PREFERS_STRING_CATALOGS = YES;
				MTL_ENABLE_DEBUG_INFO = INCLUDE_SOURCE;
				MTL_FAST_MATH = YES;
				ONLY_ACTIVE_ARCH = YES;
				SDKROOT = iphoneos;
				SWIFT_ACTIVE_COMPILATION_CONDITIONS = "DEBUG $(inherited)";
				SWIFT_OPTIMIZATION_LEVEL = "-Onone";
			};
			name = Debug;
		};
		FE23A1072C551247006DBAD0 /* Release */ = {
			isa = XCBuildConfiguration;
			buildSettings = {
				ALWAYS_SEARCH_USER_PATHS = NO;
				ASSETCATALOG_COMPILER_GENERATE_SWIFT_ASSET_SYMBOL_EXTENSIONS = YES;
				CLANG_ANALYZER_NONNULL = YES;
				CLANG_ANALYZER_NUMBER_OBJECT_CONVERSION = YES_AGGRESSIVE;
				CLANG_CXX_LANGUAGE_STANDARD = "gnu++20";
				CLANG_ENABLE_MODULES = YES;
				CLANG_ENABLE_OBJC_ARC = YES;
				CLANG_ENABLE_OBJC_WEAK = YES;
				CLANG_WARN_BLOCK_CAPTURE_AUTORELEASING = YES;
				CLANG_WARN_BOOL_CONVERSION = YES;
				CLANG_WARN_COMMA = YES;
				CLANG_WARN_CONSTANT_CONVERSION = YES;
				CLANG_WARN_DEPRECATED_OBJC_IMPLEMENTATIONS = YES;
				CLANG_WARN_DIRECT_OBJC_ISA_USAGE = YES_ERROR;
				CLANG_WARN_DOCUMENTATION_COMMENTS = YES;
				CLANG_WARN_EMPTY_BODY = YES;
				CLANG_WARN_ENUM_CONVERSION = YES;
				CLANG_WARN_INFINITE_RECURSION = YES;
				CLANG_WARN_INT_CONVERSION = YES;
				CLANG_WARN_NON_LITERAL_NULL_CONVERSION = YES;
				CLANG_WARN_OBJC_IMPLICIT_RETAIN_SELF = YES;
				CLANG_WARN_OBJC_LITERAL_CONVERSION = YES;
				CLANG_WARN_OBJC_ROOT_CLASS = YES_ERROR;
				CLANG_WARN_QUOTED_INCLUDE_IN_FRAMEWORK_HEADER = YES;
				CLANG_WARN_RANGE_LOOP_ANALYSIS = YES;
				CLANG_WARN_STRICT_PROTOTYPES = YES;
				CLANG_WARN_SUSPICIOUS_MOVE = YES;
				CLANG_WARN_UNGUARDED_AVAILABILITY = YES_AGGRESSIVE;
				CLANG_WARN_UNREACHABLE_CODE = YES;
				CLANG_WARN__DUPLICATE_METHOD_MATCH = YES;
				COPY_PHASE_STRIP = NO;
				DEBUG_INFORMATION_FORMAT = "dwarf-with-dsym";
				ENABLE_NS_ASSERTIONS = NO;
				ENABLE_STRICT_OBJC_MSGSEND = YES;
				ENABLE_USER_SCRIPT_SANDBOXING = YES;
				GCC_C_LANGUAGE_STANDARD = gnu17;
				GCC_NO_COMMON_BLOCKS = YES;
				GCC_WARN_64_TO_32_BIT_CONVERSION = YES;
				GCC_WARN_ABOUT_RETURN_TYPE = YES_ERROR;
				GCC_WARN_UNDECLARED_SELECTOR = YES;
				GCC_WARN_UNINITIALIZED_AUTOS = YES_AGGRESSIVE;
				GCC_WARN_UNUSED_FUNCTION = YES;
				GCC_WARN_UNUSED_VARIABLE = YES;
				IPHONEOS_DEPLOYMENT_TARGET = 17.5;
				LOCALIZATION_PREFERS_STRING_CATALOGS = YES;
				MTL_ENABLE_DEBUG_INFO = NO;
				MTL_FAST_MATH = YES;
				SDKROOT = iphoneos;
				SWIFT_COMPILATION_MODE = wholemodule;
				VALIDATE_PRODUCT = YES;
			};
			name = Release;
		};
		FE23A1092C551247006DBAD0 /* Debug */ = {
			isa = XCBuildConfiguration;
			baseConfigurationReference = 4DD248FE2733F5D95C5E5760 /* Pods-CambourneCrescent.debug.xcconfig */;
			buildSettings = {
				ASSETCATALOG_COMPILER_APPICON_NAME = AppIcon;
				ASSETCATALOG_COMPILER_GLOBAL_ACCENT_COLOR_NAME = AccentColor;
				CODE_SIGN_ENTITLEMENTS = CambourneCrescent/CambourneCrescent.entitlements;
				CODE_SIGN_IDENTITY = "Apple Development";
				CODE_SIGN_STYLE = Automatic;
				CURRENT_PROJECT_VERSION = 5;
				DEVELOPMENT_TEAM = PFY43FQ5QQ;
				ENABLE_USER_SCRIPT_SANDBOXING = NO;
				GENERATE_INFOPLIST_FILE = YES;
				INFOPLIST_FILE = CambourneCrescent/Info.plist;
				INFOPLIST_KEY_NSLocationUsageDescription = "Show user location on map";
				INFOPLIST_KEY_NSLocationWhenInUseUsageDescription = "User location data is not saved or tranported to any server. This data is only used when user is on the map screen to show user's current location.";
				INFOPLIST_KEY_UIApplicationSupportsIndirectInputEvents = YES;
				INFOPLIST_KEY_UILaunchStoryboardName = LaunchScreen;
				INFOPLIST_KEY_UIMainStoryboardFile = Main;
				INFOPLIST_KEY_UISupportedInterfaceOrientations = UIInterfaceOrientationPortrait;
				INFOPLIST_KEY_UISupportedInterfaceOrientations_iPad = "UIInterfaceOrientationLandscapeLeft UIInterfaceOrientationLandscapeRight UIInterfaceOrientationPortrait UIInterfaceOrientationPortraitUpsideDown";
				IPHONEOS_DEPLOYMENT_TARGET = 16.6;
				LD_RUNPATH_SEARCH_PATHS = (
					"$(inherited)",
					"@executable_path/Frameworks",
				);
				MARKETING_VERSION = 1.1;
				PRODUCT_BUNDLE_IDENTIFIER = camb.crescent.salah;
				PRODUCT_NAME = "$(TARGET_NAME)";
				PROVISIONING_PROFILE_SPECIFIER = "";
				SWIFT_EMIT_LOC_STRINGS = YES;
				SWIFT_VERSION = 5.0;
				TARGETED_DEVICE_FAMILY = "1,2";
			};
			name = Debug;
		};
		FE23A10A2C551247006DBAD0 /* Release */ = {
			isa = XCBuildConfiguration;
			baseConfigurationReference = DF25FD71C72AAACA7AB35180 /* Pods-CambourneCrescent.release.xcconfig */;
			buildSettings = {
				ASSETCATALOG_COMPILER_APPICON_NAME = AppIcon;
				ASSETCATALOG_COMPILER_GLOBAL_ACCENT_COLOR_NAME = AccentColor;
				CODE_SIGN_ENTITLEMENTS = CambourneCrescent/CambourneCrescent.entitlements;
				CODE_SIGN_IDENTITY = "Apple Development";
				CODE_SIGN_STYLE = Automatic;
				CURRENT_PROJECT_VERSION = 5;
				DEVELOPMENT_TEAM = PFY43FQ5QQ;
				ENABLE_USER_SCRIPT_SANDBOXING = NO;
				GENERATE_INFOPLIST_FILE = YES;
				INFOPLIST_FILE = CambourneCrescent/Info.plist;
				INFOPLIST_KEY_NSLocationUsageDescription = "Show user location on map";
				INFOPLIST_KEY_NSLocationWhenInUseUsageDescription = "User location data is not saved or tranported to any server. This data is only used when user is on the map screen to show user's current location.";
				INFOPLIST_KEY_UIApplicationSupportsIndirectInputEvents = YES;
				INFOPLIST_KEY_UILaunchStoryboardName = LaunchScreen;
				INFOPLIST_KEY_UIMainStoryboardFile = Main;
				INFOPLIST_KEY_UISupportedInterfaceOrientations = UIInterfaceOrientationPortrait;
				INFOPLIST_KEY_UISupportedInterfaceOrientations_iPad = "UIInterfaceOrientationLandscapeLeft UIInterfaceOrientationLandscapeRight UIInterfaceOrientationPortrait UIInterfaceOrientationPortraitUpsideDown";
				IPHONEOS_DEPLOYMENT_TARGET = 16.6;
				LD_RUNPATH_SEARCH_PATHS = (
					"$(inherited)",
					"@executable_path/Frameworks",
				);
				MARKETING_VERSION = 1.1;
				PRODUCT_BUNDLE_IDENTIFIER = camb.crescent.salah;
				PRODUCT_NAME = "$(TARGET_NAME)";
				PROVISIONING_PROFILE_SPECIFIER = "";
				SWIFT_EMIT_LOC_STRINGS = YES;
				SWIFT_VERSION = 5.0;
				TARGETED_DEVICE_FAMILY = "1,2";
			};
			name = Release;
		};
/* End XCBuildConfiguration section */

/* Begin XCConfigurationList section */
		7A98473E2D6A37B100CA7D2B /* Build configuration list for PBXNativeTarget "OneSignalNotificationServiceExtension" */ = {
			isa = XCConfigurationList;
			buildConfigurations = (
				7A98473F2D6A37B100CA7D2B /* Debug */,
				7A9847402D6A37B100CA7D2B /* Release */,
			);
			defaultConfigurationIsVisible = 0;
			defaultConfigurationName = Release;
		};
		FE23A0EF2C551246006DBAD0 /* Build configuration list for PBXProject "CambourneCrescent" */ = {
			isa = XCConfigurationList;
			buildConfigurations = (
				FE23A1062C551247006DBAD0 /* Debug */,
				FE23A1072C551247006DBAD0 /* Release */,
			);
			defaultConfigurationIsVisible = 0;
			defaultConfigurationName = Release;
		};
		FE23A1082C551247006DBAD0 /* Build configuration list for PBXNativeTarget "CambourneCrescent" */ = {
			isa = XCConfigurationList;
			buildConfigurations = (
				FE23A1092C551247006DBAD0 /* Debug */,
				FE23A10A2C551247006DBAD0 /* Release */,
			);
			defaultConfigurationIsVisible = 0;
			defaultConfigurationName = Release;
		};
/* End XCConfigurationList section */
	};
	rootObject = FE23A0EC2C551246006DBAD0 /* Project object */;
}
