PODS:
  - OneSignal/OneSignal (5.2.10):
    - OneSignal/OneSignalCore
    - OneSignal/OneSignalExtension
    - OneSignal/OneSignalLiveActivities
    - OneSignal/OneSignalNotifications
    - OneSignal/OneSignalOSCore
    - OneSignal/OneSignalOutcomes
    - OneSignal/OneSignalUser
  - OneSignal/OneSignalCore (5.2.10)
  - OneSignal/OneSignalExtension (5.2.10):
    - OneSignal/OneSignalCore
    - OneSignal/OneSignalOutcomes
  - OneSignal/OneSignalInAppMessages (5.2.10):
    - OneSignal/OneSignalCore
    - OneSignal/OneSignalNotifications
    - OneSignal/OneSignalOSCore
    - OneSignal/OneSignalOutcomes
    - OneSignal/OneSignalUser
  - OneSignal/OneSignalLiveActivities (5.2.10):
    - OneSignal/OneSignalCore
    - OneSignal/OneSignalOSCore
    - OneSignal/OneSignalUser
  - OneSignal/OneSignalNotifications (5.2.10):
    - OneSignal/OneSignalCore
    - OneSignal/OneSignalExtension
    - OneSignal/OneSignalOutcomes
  - OneSignal/OneSignalOSCore (5.2.10):
    - OneSignal/OneSignalCore
  - OneSignal/OneSignalOutcomes (5.2.10):
    - OneSignal/OneSignalCore
  - OneSignal/OneSignalUser (5.2.10):
    - OneSignal/OneSignalCore
    - OneSignal/OneSignalNotifications
    - OneSignal/OneSignalOSCore
    - OneSignal/OneSignalOutcomes

DEPENDENCIES:
  - OneSignal/OneSignal (< 6.0, >= 5.0.0)
  - OneSignal/OneSignalInAppMessages (< 6.0, >= 5.0.0)

SPEC REPOS:
  trunk:
    - OneSignal

SPEC CHECKSUMS:
  OneSignal: bff7465332603656a26da2d8ba4b205717b1f197

PODFILE CHECKSUM: 34e4545593ed8ca3d88cb12a095c6c1e65a8064b

COCOAPODS: 1.16.2
